
Microsoft Visual Studio Solution File, Format Version 12.00
# Visual Studio Version 16
VisualStudioVersion = 16.0.30523.141
MinimumVisualStudioVersion = 10.0.40219.1
Project("{9A19103F-16F7-4668-BE54-9A1E7A4F7556}") = "Chess", "Chess\Chess.csproj", "{19A65C64-87F2-4439-B307-774CE4CE16EE}"
EndProject
Project("{FAE04EC0-301F-11D3-BF4B-00C04F79EFBC}") = "Board", "board\Board.csproj", "{2813606F-6EA6-405B-9D48-B36A983947C3}"
EndProject
Global
	GlobalSection(SolutionConfigurationPlatforms) = preSolution
		Debug|Any CPU = Debug|Any CPU
		Release|Any CPU = Release|Any CPU
	EndGlobalSection
	GlobalSection(ProjectConfigurationPlatforms) = postSolution
		{19A65C64-87F2-4439-B307-774CE4CE16EE}.Debug|Any CPU.ActiveCfg = Debug|Any CPU
		{19A65C64-87F2-4439-B307-774CE4CE16EE}.Debug|Any CPU.Build.0 = Debug|Any CPU
		{19A65C64-87F2-4439-B307-774CE4CE16EE}.Release|Any CPU.ActiveCfg = Release|Any CPU
		{19A65C64-87F2-4439-B307-774CE4CE16EE}.Release|Any CPU.Build.0 = Release|Any CPU
		{2813606F-6EA6-405B-9D48-B36A983947C3}.Debug|Any CPU.ActiveCfg = Debug|Any CPU
		{2813606F-6EA6-405B-9D48-B36A983947C3}.Debug|Any CPU.Build.0 = Debug|Any CPU
		{2813606F-6EA6-405B-9D48-B36A983947C3}.Release|Any CPU.ActiveCfg = Release|Any CPU
		{2813606F-6EA6-405B-9D48-B36A983947C3}.Release|Any CPU.Build.0 = Release|Any CPU
	EndGlobalSection
	GlobalSection(SolutionProperties) = preSolution
		HideSolutionNode = FALSE
	EndGlobalSection
	GlobalSection(ExtensibilityGlobals) = postSolution
		SolutionGuid = {8A560603-434F-4584-879B-0DF322A58800}
	EndGlobalSection
EndGlobal
